
Microsoft Visual Studio Solution File, Format Version 12.00
# Visual Studio 15
VisualStudioVersion = 15.0.28010.2019
MinimumVisualStudioVersion = 10.0.40219.1
Project("{9A19103F-16F7-4668-BE54-9A1E7A4F7556}") = "AppConfigMaintenance", "AppConfigMaintainence\AppConfigMaintenance.csproj", "{05ACC802-5762-4585-869D-FCE26D9D8382}"
EndProject
Project("{9A19103F-16F7-4668-BE54-9A1E7A4F7556}") = "AppConfigMaintenance.DataAccess", "AppConfigMaintenance.DataAccess\AppConfigMaintenance.DataAccess.csproj", "{0CF5FE25-DC25-4A31-8DB7-404AD75A7397}"
EndProject
Project("{FAE04EC0-301F-11D3-BF4B-00C04F79EFBC}") = "AppConfigMaintenance.Test", "AppConfigMaintenance.Test\AppConfigMaintenance.Test.csproj", "{9B21F883-70DA-4F79-AA37-5BD7DC617A78}"
EndProject
Global
	GlobalSection(SolutionConfigurationPlatforms) = preSolution
		Debug|Any CPU = Debug|Any CPU
		Release|Any CPU = Release|Any CPU
	EndGlobalSection
	GlobalSection(ProjectConfigurationPlatforms) = postSolution
		{05ACC802-5762-4585-869D-FCE26D9D8382}.Debug|Any CPU.ActiveCfg = Debug|Any CPU
		{05ACC802-5762-4585-869D-FCE26D9D8382}.Debug|Any CPU.Build.0 = Debug|Any CPU
		{05ACC802-5762-4585-869D-FCE26D9D8382}.Release|Any CPU.ActiveCfg = Release|Any CPU
		{05ACC802-5762-4585-869D-FCE26D9D8382}.Release|Any CPU.Build.0 = Release|Any CPU
		{0CF5FE25-DC25-4A31-8DB7-404AD75A7397}.Debug|Any CPU.ActiveCfg = Debug|Any CPU
		{0CF5FE25-DC25-4A31-8DB7-404AD75A7397}.Debug|Any CPU.Build.0 = Debug|Any CPU
		{0CF5FE25-DC25-4A31-8DB7-404AD75A7397}.Release|Any CPU.ActiveCfg = Release|Any CPU
		{0CF5FE25-DC25-4A31-8DB7-404AD75A7397}.Release|Any CPU.Build.0 = Release|Any CPU
		{9B21F883-70DA-4F79-AA37-5BD7DC617A78}.Debug|Any CPU.ActiveCfg = Debug|Any CPU
		{9B21F883-70DA-4F79-AA37-5BD7DC617A78}.Debug|Any CPU.Build.0 = Debug|Any CPU
		{9B21F883-70DA-4F79-AA37-5BD7DC617A78}.Release|Any CPU.ActiveCfg = Release|Any CPU
		{9B21F883-70DA-4F79-AA37-5BD7DC617A78}.Release|Any CPU.Build.0 = Release|Any CPU
	EndGlobalSection
	GlobalSection(SolutionProperties) = preSolution
		HideSolutionNode = FALSE
	EndGlobalSection
	GlobalSection(ExtensibilityGlobals) = postSolution
		SolutionGuid = {E79EE673-023B-4FA5-91B1-441B76DF02D4}
	EndGlobalSection
EndGlobal
